github.com/HugoSmits86/nativewebp v1.2.1 h1:dJbfulw6WRf6rTcth6TwgEVwlBeP3vdZIJUIoySmeHQ=
github.com/HugoSmits86/nativewebp v1.2.1/go.mod h1:YNQuWenlVmSUUASVNhTDwf4d7FwYQGbGhklC8p72Vr8=
github.com/disintegration/imaging v1.6.2 h1:w1LecBlG2Lnp8B3jk5zSuNqd7b4DXhcjwek1ei82L+c=
github.com/disintegration/imaging v1.6.2/go.mod h1:44/5580QXChDfwIclfc/PCwrr44amcmDAg8hxG0Ewe4=
github.com/klauspost/cpuid/v2 v2.0.9 h1:lgaqFMSdTdQYdZ04uHyN2d/eKdOMyi2YLSvlQIBFYa4=
github.com/klauspost/cpuid/v2 v2.0.9/go.mod h1:FInQzS24/EEf25PyTYn52gqo7WaD8xa0213Md/qVLRg=
github.com/tdewolff/minify/v2 v2.24.12 h1:YXJxVJmz7vxgnEv1v8J/EI4x+Uw4MMohcRFK7TFOjmk=
github.com/tdewolff/minify/v2 v2.24.12/go.mod h1:exq1pjdrh9uAICdfVKQwqz6MsJmWmQahZuTC6pTO6ro=
github.com/tdewolff/parse/v2 v2.8.11 h1:SGyjEy3xEqd+W9WVzTlTQ5GkP/en4a1AZNZVJ1cvgm0=
github.com/tdewolff/parse/v2 v2.8.11/go.mod h1:Hwlni2tiVNKyzR1o6nUs4FOF07URA+JLBLd6dlIXYqo=
github.com/tdewolff/test v1.0.11 h1:FdLbwQVHxqG16SlkGveC0JVyrJN62COWTRyUFzfbtBE=
github.com/tdewolff/test v1.0.11/go.mod h1:XPuWBzvdUzhCuxWO1ojpXsyzsA5bFoS3tO/Q3kFuTG8=
github.com/tinywasm/await v0.1.0 h1:keCHZSRPohCGLv+Tm/ovZUwi9oZZX3G3QgUomsNgsxM=
github.com/tinywasm/await v0.1.0/go.mod h1:7Z60wpqsTfOhy8zVE4kd86ZrFZ97e9Vx4E69Xwgeca8=
github.com/tinywasm/base64 v0.0.4 h1:i7EHJSaK5yzeQxhv9gT5Dy/PjnolRvwUq5a8+3D7DFs=
github.com/tinywasm/base64 v0.0.4/go.mod h1:p6s8iOD4F6s6smO80R3bYd8ZGZQxXCBt+5KxFQ4vCHU=
github.com/tinywasm/color v0.1.1 h1:S00T0XR42Q3sDpfJELNnF0HFxMh9gApH4SnA0Ml6Q7A=
github.com/tinywasm/color v0.1.1/go.mod h1:0wqAVE1k2GxXIX/v1G+w97J8YRpispYcDa7M75H+umI=
github.com/tinywasm/context v0.0.18 h1:uKeiAFo6L/PikGSbUu+xcyELGoa4kXomDNwJOlhxrUE=
github.com/tinywasm/context v0.0.18/go.mod h1:3AHZHMiiVZljEGNuYMaLM2OXdZ3bXjoMCmqx3sEGXsA=
github.com/tinywasm/css v0.4.15 h1:EnBh4exxACZIB/WYOgF5uWRxQGSRFjYn/wRDM2mgnfU=
github.com/tinywasm/css v0.4.15/go.mod h1:EyCY2mFW664qIyqTQKW1mgkg7cqAK3oF6igiwYdGV5k=
github.com/tinywasm/dbus v0.1.0 h1:KzAt6DHt+YT/lx05Kh4JLmkZdgasdIU+7n6bX9xDKAY=
github.com/tinywasm/dbus v0.1.0/go.mod h1:anuRR8oZZZinRsh/vP0taxQgpPBKQkTxmp84VmUxJmE=
github.com/tinywasm/dom v0.13.5 h1:CklQl/U/pJn5Pka3n5xf8xEObFLxuKxrrpXPLGiprWY=
github.com/tinywasm/dom v0.13.5/go.mod h1:foT4zhFHK4T8ZNPjgT539dAfdslSdY/hD7V0g9CUNgY=
github.com/tinywasm/fetch v0.1.24 h1:UynB2NPPgYrwcRx6ZujkRUTlfUUkNs60J0O63/1FmAs=
github.com/tinywasm/fetch v0.1.24/go.mod h1:Hx9bkdjC5fcf++EWjHKUzEn2OZpUbfoXNQV8tbdC5SI=
github.com/tinywasm/fmt v0.25.6 h1:j6IDSoU9l+0GnYcx0pIa3Ckhg5j11mNPxTR9tQXU3sc=
github.com/tinywasm/fmt v0.25.6/go.mod h1:2Y4hlsQxqVsZ5z9vQL5XQbEzLQtQOr1Bhp44nPGfydA=
github.com/tinywasm/font v0.0.4 h1:dugQHev1xk2YzA01xpqV4WLCHxEmk6JEu2GkDbPxlfE=
github.com/tinywasm/font v0.0.4/go.mod h1:mc8y0jI0VWgsSNEk5f0G3x61Xah4xyfOf9/ds3YaLD8=
github.com/tinywasm/goflare v0.5.0 h1:kzy3TR3nAPj9qlnyHbeyYTXI5iqPvSW0bSM8EWcmZmU=
github.com/tinywasm/goflare v0.5.0/go.mod h1:fQOC/bZg7UsbWe4aLIbv9zu1nTSxIozOVkL0Ko3RBPk=
github.com/tinywasm/html v0.0.17 h1:RROL3aLAGvAAQKsIPK+3XGjr1wOp7PZzxQno0kK69JI=
github.com/tinywasm/html v0.0.17/go.mod h1:y9CxJFeZBj3iR+TXwudMMiUrIXMQHIYojJKpYZH6NrA=
github.com/tinywasm/image v0.0.26 h1:IEdC5wskvgACHSr/eRshF+JkjOUOC7xDG24cX22Ei3k=
github.com/tinywasm/image v0.0.26/go.mod h1:NSOvhqNRr4hcrDtXxOATJAUu3Prg8j+xyIfcH0J1fzU=
github.com/tinywasm/js v0.0.4 h1:dG4SHMpY48kg0A6rnL4aqf6pclurV52y893fG0ovfJ4=
github.com/tinywasm/js v0.0.4/go.mod h1:VNNOpFiVwfN3B6ZYG9HPZRp8sCOjcNd78c5TQcPzf0E=
github.com/tinywasm/json v0.5.17 h1:yucPs19Tuiy+a+ZdsiqyKR3CyFHjm66W1ZZwCnhmPJk=
github.com/tinywasm/json v0.5.17/go.mod h1:2DE5+HKkqAvoGFYAhoZQX1ogCXQtrukGdwxYNVtigAY=
github.com/tinywasm/keyring v0.2.0 h1:+H8KTweamnfWk5ojFumy3q6j9tjlXp7mcGkCzXP8H7o=
github.com/tinywasm/keyring v0.2.0/go.mod h1:mU5CZ7491EgpWTay/WntgWGPxwK5OqgmrFOhJ+xPwoE=
github.com/tinywasm/model v0.1.4 h1:ZXz/LB9bUVzfiPO3R8iMDbZ6j2DCdR+rOV67zDaE7VE=
github.com/tinywasm/model v0.1.4/go.mod h1:Cx/RTzSOH/DM2DtP6JqdhIRTDlf31EstTV5Y0RSp/dg=
github.com/tinywasm/modfind v0.0.4 h1:g7EFZArEftll9pxg5VAToIltVnEMRWfE+KEjPJpsNgY=
github.com/tinywasm/modfind v0.0.4/go.mod h1:g1ZkkxCZ7vwDI5O23AMWlPJy4ctRWfWKZX/y+KMH1FM=
github.com/tinywasm/sitec v0.1.10 h1:IHFgycsV4O6lZyu2z93CyyM77Jf84h8Gj2bXLoKb8nk=
github.com/tinywasm/sitec v0.1.10/go.mod h1:k8C2DXkkeDYryi7+0SQlAlWEVmhDzs1eNWWDCp4Wlew=
github.com/tinywasm/svg v0.2.0 h1:1oh6T4KxFcBRe79VTXKxc1kgCVh60sU0nuzJz+icYo0=
github.com/tinywasm/svg v0.2.0/go.mod h1:2o5Z8LsbCT6ltV0nKPtmZFusYqHi8AUGnk7jDQ6xj+I=
github.com/tinywasm/tinygo v0.0.11 h1:mdSPat9PcIcT1ZW6y+7DJmAbne2vLHVpTHqTCRL/L/A=
github.com/tinywasm/tinygo v0.0.11/go.mod h1:AFP4RTqJN9HKR/AWwXSibOF0HwlHIIpBNP0KWO2nvCU=
github.com/tinywasm/update v0.0.2 h1:S+1aC3juzQAdH7sLAqFUR9T7AGiFX+ywRtDOO++u2Ik=
github.com/tinywasm/update v0.0.2/go.mod h1:PrBnJuqbSs1xQzGV9pmw2qoI1zuRJON2oAYIV1eKYCg=
github.com/tinywasm/webauthn v0.1.1 h1:lbbXbue7c+tiX+wGKf985uEuOVS8L6qjOSszLqYolLI=
github.com/tinywasm/webauthn v0.1.1/go.mod h1:A/yVYXoWxjwtvnEu6Dq/HoHDAaehy9tnPlUs8Iyask8=
github.com/tinywasm/wizard v0.0.23 h1:hVio9ifAaR7Mu3wxwHoT9eZw9WPB2cRJEVD2foXx6Yw=
github.com/tinywasm/wizard v0.0.23/go.mod h1:tGkT9PRSfeKRZ8cQeVw9jECkK+wRx5vg//o0751dqmE=
golang.org/x/image v0.0.0-20191009234506-e7c1f5e7dbb8/go.mod h1:FeLwcggjj3mMvU+oOTbSwawSJRM1uh48EjtB4UJZlP0=
golang.org/x/image v0.45.0 h1:FMb1nTbH5H9vF55SriQHgFw5GnNL9Jg6L25BwXKzhB0=
golang.org/x/image v0.45.0/go.mod h1:n62x/7RqlwXDvGsSU4u6IUTUf6KghUZ9Bt7cG/T9Fx4=
golang.org/x/text v0.3.0/go.mod h1:NqM8EUOU14njkJ3fqMW+pc6Ldnwhi/IjpwHt7yyuwOQ=
gopkg.in/check.v1 v0.0.0-20161208181325-20d25e280405 h1:yhCVgyC4o1eVCa2tZl7eS0r+SDo693bJlVdllGtEeKM=
gopkg.in/check.v1 v0.0.0-20161208181325-20d25e280405/go.mod h1:Co6ibVJAznAaIkqp8huTwlJQCZ016jof/cbN4VW5Yz0=
gopkg.in/yaml.v3 v3.0.1 h1:fxVm/GzAzEWqLHuvctI91KS9hhNmmWOoWu0XTYJS7CA=
gopkg.in/yaml.v3 v3.0.1/go.mod h1:K4uyk7z7BCEPqu6E+C64Yfv1cQ7kz7rIZviUmN+EgEM=
lukechampine.com/blake3 v1.4.1 h1:I3Smz7gso8w4/TunLKec6K2fn+kyKtDxr/xcQEN84Wg=
lukechampine.com/blake3 v1.4.1/go.mod h1:QFosUxmjB8mnrWFSNwKmvxHpfY72bmD2tQ0kBMM3kwo=
