github.com/tinywasm/context v0.0.17 h1:3BMVOJksFTVka9rO2rEx9+kG4Xzn/IBpyktBQHhZJfw=
github.com/tinywasm/context v0.0.17/go.mod h1:w49WVGNfikngl3S6UcUin1rY6CNAC6wlmfE78iVfL6Q=
github.com/tinywasm/fmt v0.18.5 h1:Tz2wsGieLbXBZgdPCUJEszdLaxKfWoNN+29YTZRXOHc=
github.com/tinywasm/fmt v0.18.5/go.mod h1:L2GCAi6asgytPV6TVvGrRq5Ml+DkUt1Ijo5i/2J1jOY=
github.com/tinywasm/wizard v0.0.21 h1:3Pprce0ZXXvFilBtzBU+CHmm1uQrK0TJWCMiInUPMxY=
github.com/tinywasm/wizard v0.0.21/go.mod h1:TXjAtXdjRSd74yo1irKdyqyYorTq1TkSqZ5A3Jpp4aQ=
gopkg.in/check.v1 v0.0.0-20161208181325-20d25e280405 h1:yhCVgyC4o1eVCa2tZl7eS0r+SDo693bJlVdllGtEeKM=
gopkg.in/check.v1 v0.0.0-20161208181325-20d25e280405/go.mod h1:Co6ibVJAznAaIkqp8huTwlJQCZ016jof/cbN4VW5Yz0=
gopkg.in/yaml.v3 v3.0.1 h1:fxVm/GzAzEWqLHuvctI91KS9hhNmmWOoWu0XTYJS7CA=
gopkg.in/yaml.v3 v3.0.1/go.mod h1:K4uyk7z7BCEPqu6E+C64Yfv1cQ7kz7rIZviUmN+EgEM=
