github.com/danieljoos/wincred v1.2.3 h1:v7dZC2x32Ut3nEfRH+vhoZGvN72+dQ/snVXo/vMFLdQ=
github.com/danieljoos/wincred v1.2.3/go.mod h1:6qqX0WNrS4RzPZ1tnroDzq9kY3fu1KwE7MRLQK4X0bs=
github.com/davecgh/go-spew v1.1.1 h1:vj9j/u1bqnvCEfJOwUhtlOARqs3+rkHYY13jYWTU97c=
github.com/davecgh/go-spew v1.1.1/go.mod h1:J7Y8YcW2NihsgmVo/mv3lAwl/skON4iLHjSsI+c5H38=
github.com/godbus/dbus/v5 v5.2.2 h1:TUR3TgtSVDmjiXOgAAyaZbYmIeP3DPkld3jgKGV8mXQ=
github.com/godbus/dbus/v5 v5.2.2/go.mod h1:3AAv2+hPq5rdnr5txxxRwiGjPXamgoIHgz9FPBfOp3c=
github.com/klauspost/cpuid/v2 v2.0.9 h1:lgaqFMSdTdQYdZ04uHyN2d/eKdOMyi2YLSvlQIBFYa4=
github.com/klauspost/cpuid/v2 v2.0.9/go.mod h1:FInQzS24/EEf25PyTYn52gqo7WaD8xa0213Md/qVLRg=
github.com/pmezard/go-difflib v1.0.0 h1:4DBwDE0NGyQoBHbLQYPwSUPoCMWR5BEzIk/f1lZbAQM=
github.com/pmezard/go-difflib v1.0.0/go.mod h1:iKH77koFhYxTK1pcRnkKkqfTogsbg7gZNVY4sRDYZ/4=
github.com/stretchr/objx v0.5.2 h1:xuMeJ0Sdp5ZMRXx/aWO6RZxdr3beISkG5/G/aIRr3pY=
github.com/stretchr/objx v0.5.2/go.mod h1:FRsXN1f5AsAjCGJKqEizvkpNtU+EGNCLh3NxZ/8L+MA=
github.com/stretchr/testify v1.11.1 h1:7s2iGBzp5EwR7/aIZr8ao5+dra3wiQyKjjFuvgVKu7U=
github.com/stretchr/testify v1.11.1/go.mod h1:wZwfW3scLgRK+23gO65QZefKpKQRnfz6sD981Nm4B6U=
github.com/tdewolff/minify/v2 v2.24.12 h1:YXJxVJmz7vxgnEv1v8J/EI4x+Uw4MMohcRFK7TFOjmk=
github.com/tdewolff/minify/v2 v2.24.12/go.mod h1:exq1pjdrh9uAICdfVKQwqz6MsJmWmQahZuTC6pTO6ro=
github.com/tdewolff/parse/v2 v2.8.11 h1:SGyjEy3xEqd+W9WVzTlTQ5GkP/en4a1AZNZVJ1cvgm0=
github.com/tdewolff/parse/v2 v2.8.11/go.mod h1:Hwlni2tiVNKyzR1o6nUs4FOF07URA+JLBLd6dlIXYqo=
github.com/tdewolff/test v1.0.11 h1:FdLbwQVHxqG16SlkGveC0JVyrJN62COWTRyUFzfbtBE=
github.com/tdewolff/test v1.0.11/go.mod h1:XPuWBzvdUzhCuxWO1ojpXsyzsA5bFoS3tO/Q3kFuTG8=
github.com/tinywasm/assetmin v0.4.29 h1:VINak4k2OZnL7QnVvmPk+KoqWG8iP3tltOz+tcae8/o=
github.com/tinywasm/assetmin v0.4.29/go.mod h1:kCSNNrXc5Mh0t55r+hnAFjKt5277b1iuCDcoXPqpNMQ=
github.com/tinywasm/base64 v0.0.4 h1:i7EHJSaK5yzeQxhv9gT5Dy/PjnolRvwUq5a8+3D7DFs=
github.com/tinywasm/base64 v0.0.4/go.mod h1:p6s8iOD4F6s6smO80R3bYd8ZGZQxXCBt+5KxFQ4vCHU=
github.com/tinywasm/client v0.6.26 h1:akE41eFYLqLBpqx8HeuT9vZ20lMOn8+NyJ3inkkUYHg=
github.com/tinywasm/client v0.6.26/go.mod h1:hHoV7G7ZGJ9IaR86QIsj6UeRlWLFp1zyYRkOZ65bSao=
github.com/tinywasm/color v0.1.1 h1:S00T0XR42Q3sDpfJELNnF0HFxMh9gApH4SnA0Ml6Q7A=
github.com/tinywasm/color v0.1.1/go.mod h1:0wqAVE1k2GxXIX/v1G+w97J8YRpispYcDa7M75H+umI=
github.com/tinywasm/command v0.0.2 h1:VDeUUghEatrK4bMgv3MJlswpVZMybvxwB5YTyisfp7o=
github.com/tinywasm/command v0.0.2/go.mod h1:biTSjIwxhPoOoyZ7iR8qt59qW1FD5QHCYfsLPlWYwkA=
github.com/tinywasm/context v0.0.18 h1:uKeiAFo6L/PikGSbUu+xcyELGoa4kXomDNwJOlhxrUE=
github.com/tinywasm/context v0.0.18/go.mod h1:3AHZHMiiVZljEGNuYMaLM2OXdZ3bXjoMCmqx3sEGXsA=
github.com/tinywasm/css v0.4.5 h1:389foPHF4RnVvNJkmfTNmOoE0wYeHBNaQKihN97gKaQ=
github.com/tinywasm/css v0.4.5/go.mod h1:EyCY2mFW664qIyqTQKW1mgkg7cqAK3oF6igiwYdGV5k=
github.com/tinywasm/dom v0.13.1 h1:vfb504YxH7pIW7MZ0xjktrTkQfcUFcHyvSQmLf8D6u8=
github.com/tinywasm/dom v0.13.1/go.mod h1:lc8B0WkIOTWmCLCBTtr2g1Om4igOQnGve/xvIZWOrdI=
github.com/tinywasm/fetch v0.1.24 h1:UynB2NPPgYrwcRx6ZujkRUTlfUUkNs60J0O63/1FmAs=
github.com/tinywasm/fetch v0.1.24/go.mod h1:Hx9bkdjC5fcf++EWjHKUzEn2OZpUbfoXNQV8tbdC5SI=
github.com/tinywasm/fmt v0.25.5 h1:2nBU5H1lszhkGIusm7m4S+rGM2rPiIJkhvQqwqN17qo=
github.com/tinywasm/fmt v0.25.5/go.mod h1:2Y4hlsQxqVsZ5z9vQL5XQbEzLQtQOr1Bhp44nPGfydA=
github.com/tinywasm/font v0.0.4 h1:dugQHev1xk2YzA01xpqV4WLCHxEmk6JEu2GkDbPxlfE=
github.com/tinywasm/font v0.0.4/go.mod h1:mc8y0jI0VWgsSNEk5f0G3x61Xah4xyfOf9/ds3YaLD8=
github.com/tinywasm/gobuild v0.0.26 h1:19Cyzb3nYlueWPRPEQNdTM6+OXTXuP5Ro+jNBYj3ptY=
github.com/tinywasm/gobuild v0.0.26/go.mod h1:48JVlXnOy8ZBiz/vz5rWMxv4ZrQvB5Fbw22kOx6RfZY=
github.com/tinywasm/goflare v0.3.6 h1:EGeqLjhSufPbhx3K/ASlnc85Ebz6vkestxBLqv/cP8E=
github.com/tinywasm/goflare v0.3.6/go.mod h1:2684a9vQ/lsyaRWlj6mtX4am2nMnQQ8/U4l7ni5H0/M=
github.com/tinywasm/html v0.0.6 h1:8W/jXGKAhn5vPVx8y2HKAUIr1v2A1ofVkE47CJPkeu0=
github.com/tinywasm/html v0.0.6/go.mod h1:Bc++Sre7mPqhAzLcG1VlNAA6qmE/OCf22oywnq5tn7I=
github.com/tinywasm/js v0.0.4 h1:dG4SHMpY48kg0A6rnL4aqf6pclurV52y893fG0ovfJ4=
github.com/tinywasm/js v0.0.4/go.mod h1:VNNOpFiVwfN3B6ZYG9HPZRp8sCOjcNd78c5TQcPzf0E=
github.com/tinywasm/json v0.5.17 h1:yucPs19Tuiy+a+ZdsiqyKR3CyFHjm66W1ZZwCnhmPJk=
github.com/tinywasm/json v0.5.17/go.mod h1:2DE5+HKkqAvoGFYAhoZQX1ogCXQtrukGdwxYNVtigAY=
github.com/tinywasm/markdown v0.0.2 h1:dSt9UQPeZgaaPE30gjGYhh/UBxMKGJN+yJyUUz/BgNA=
github.com/tinywasm/markdown v0.0.2/go.mod h1:0SAcxF8xzuudJ3DrYl3mDISgwQmYzXeR7al0cLjZP1M=
github.com/tinywasm/mcp v0.2.4 h1:sZ6sTEtnb2Skx8rid1oSCgMN+Z6i8ke/XC5sEXuJbEA=
github.com/tinywasm/mcp v0.2.4/go.mod h1:kZ37+T0Z7M3kZ0suiIx7GjQXpyEj9Pm1U2IRcrjsGLc=
github.com/tinywasm/model v0.1.2 h1:CsSwyLFKk53XtFVg63H3StMRD4kwdPgxhd7p5b1pxtQ=
github.com/tinywasm/model v0.1.2/go.mod h1:Cx/RTzSOH/DM2DtP6JqdhIRTDlf31EstTV5Y0RSp/dg=
github.com/tinywasm/router v0.1.14 h1:pjc2hXStIyjoDXOmnxktqIa1TEX3K2X0zRLb5X3c1Gg=
github.com/tinywasm/router v0.1.14/go.mod h1:JYL/YiErI7bbkg1suosA1Et8Fv1jxrFY/dLqvjq/flc=
github.com/tinywasm/svg v0.1.8 h1:SoMz1AmTSMcsVrXtmaYW8Pzlp3kYCkR2t6stDf+hAEA=
github.com/tinywasm/svg v0.1.8/go.mod h1:gZOI1TD2UnOwNpcWGhgsk87ynGd7KJ5fl+75lPT9i6c=
github.com/tinywasm/time v0.5.0 h1:M17DNgKrMYfkCK42V6miL9AcwfN/FHghbKOSTXJrkMo=
github.com/tinywasm/time v0.5.0/go.mod h1:vxGAkKA40im4ObiTS6hcsJYiIsVVLSz/A63JC/+TwvA=
github.com/tinywasm/tinygo v0.0.11 h1:mdSPat9PcIcT1ZW6y+7DJmAbne2vLHVpTHqTCRL/L/A=
github.com/tinywasm/tinygo v0.0.11/go.mod h1:AFP4RTqJN9HKR/AWwXSibOF0HwlHIIpBNP0KWO2nvCU=
github.com/tinywasm/tui v0.1.1 h1:IllMn0ItmGdPX4VDvP6dBVJJnRXYTw7K64wovf1ERmM=
github.com/tinywasm/tui v0.1.1/go.mod h1:24Dm0ZUd363ImXuJxBdLFVmckxWisUI7aC3EVp4WQhs=
github.com/tinywasm/unixid v0.2.24 h1:D5ufep5H8Ji/G6M2Y+Gf/z2ZcnlrPpn50RoDER7b4eo=
github.com/tinywasm/unixid v0.2.24/go.mod h1:ewc484oiQQYOgFqW2RLlCHJVngY5NoP+maZ6pzbF+K0=
github.com/tinywasm/update v0.0.2 h1:S+1aC3juzQAdH7sLAqFUR9T7AGiFX+ywRtDOO++u2Ik=
github.com/tinywasm/update v0.0.2/go.mod h1:PrBnJuqbSs1xQzGV9pmw2qoI1zuRJON2oAYIV1eKYCg=
github.com/tinywasm/wizard v0.0.23 h1:hVio9ifAaR7Mu3wxwHoT9eZw9WPB2cRJEVD2foXx6Yw=
github.com/tinywasm/wizard v0.0.23/go.mod h1:tGkT9PRSfeKRZ8cQeVw9jECkK+wRx5vg//o0751dqmE=
github.com/zalando/go-keyring v0.2.8 h1:6sD/Ucpl7jNq10rM2pgqTs0sZ9V3qMrqfIIy5YPccHs=
github.com/zalando/go-keyring v0.2.8/go.mod h1:tsMo+VpRq5NGyKfxoBVjCuMrG47yj8cmakZDO5QGii0=
golang.org/x/sys v0.46.0 h1:noSf2Fq6F8DBgS+LysIkx7rIExoNHJsxOAtPp4rthXw=
golang.org/x/sys v0.46.0/go.mod h1:4GL1E5IUh+htKOUEOaiffhrAeqysfVGipDYzABqnCmw=
gopkg.in/check.v1 v0.0.0-20161208181325-20d25e280405 h1:yhCVgyC4o1eVCa2tZl7eS0r+SDo693bJlVdllGtEeKM=
gopkg.in/check.v1 v0.0.0-20161208181325-20d25e280405/go.mod h1:Co6ibVJAznAaIkqp8huTwlJQCZ016jof/cbN4VW5Yz0=
gopkg.in/yaml.v3 v3.0.1 h1:fxVm/GzAzEWqLHuvctI91KS9hhNmmWOoWu0XTYJS7CA=
gopkg.in/yaml.v3 v3.0.1/go.mod h1:K4uyk7z7BCEPqu6E+C64Yfv1cQ7kz7rIZviUmN+EgEM=
lukechampine.com/blake3 v1.4.1 h1:I3Smz7gso8w4/TunLKec6K2fn+kyKtDxr/xcQEN84Wg=
lukechampine.com/blake3 v1.4.1/go.mod h1:QFosUxmjB8mnrWFSNwKmvxHpfY72bmD2tQ0kBMM3kwo=
